
Microsoft Visual Studio Solution File, Format Version 12.00
# Visual Studio Version 17
VisualStudioVersion = 17.14.36109.1
MinimumVisualStudioVersion = 10.0.40219.1
Project("{FAE04EC0-301F-11D3-BF4B-00C04F79EFBC}") = "CertiNet", "CertiNet.csproj", "{DEAB2EFB-EE89-4C0B-BAE0-5F84D339AB65}"
EndProject
Global
	GlobalSection(SolutionConfigurationPlatforms) = preSolution
		Debug|Any CPU = Debug|Any CPU
		Release|Any CPU = Release|Any CPU
	EndGlobalSection
	GlobalSection(ProjectConfigurationPlatforms) = postSolution
		{DEAB2EFB-EE89-4C0B-BAE0-5F84D339AB65}.Debug|Any CPU.ActiveCfg = Debug|Any CPU
		{DEAB2EFB-EE89-4C0B-BAE0-5F84D339AB65}.Debug|Any CPU.Build.0 = Debug|Any CPU
		{DEAB2EFB-EE89-4C0B-BAE0-5F84D339AB65}.Release|Any CPU.ActiveCfg = Release|Any CPU
		{DEAB2EFB-EE89-4C0B-BAE0-5F84D339AB65}.Release|Any CPU.Build.0 = Release|Any CPU
	EndGlobalSection
	GlobalSection(SolutionProperties) = preSolution
		HideSolutionNode = FALSE
	EndGlobalSection
	GlobalSection(ExtensibilityGlobals) = postSolution
		SolutionGuid = {E7AFD7AA-3687-41E3-97F1-C35FCF53A6C8}
	EndGlobalSection
EndGlobal
